<?xml version="1.0" encoding="utf-8"?>
<Project ToolsVersion="4.0" xmlns="http://schemas.microsoft.com/developer/msbuild/2003">
  <ItemGroup>
    <Filter Include="hotlib">
      <UniqueIdentifier>{93995380-89BD-4b04-88EB-625FBE52EBFB}</UniqueIdentifier>
      <Extensions>h;hpp;hxx;hm;inl;inc;xsd</Extensions>
    </Filter>
    <Filter Include="hotlib\Headers">
      <UniqueIdentifier>{32d46915-666f-461b-931a-f8cb8b61f218}</UniqueIdentifier>
    </Filter>
    <Filter Include="hotlib\hotpatch">
      <UniqueIdentifier>{bea7c144-a65e-4610-ab8c-74e78cd42cd2}</UniqueIdentifier>
    </Filter>
    <Filter Include="hotlib\IATHook">
      <UniqueIdentifier>{a677dd79-70af-4e34-9922-17e320683e5a}</UniqueIdentifier>
    </Filter>
  </ItemGroup>
  <ItemGroup>
    <ClInclude Include="hotlib_public.h">
      <Filter>hotlib\Headers</Filter>
    </ClInclude>
    <ClInclude Include="build_op.h">
      <Filter>hotlib</Filter>
    </ClInclude>
    <ClInclude Include="hotlib.h">
      <Filter>hotlib</Filter>
    </ClInclude>
    <ClInclude Include="types.h">
      <Filter>hotlib</Filter>
    </ClInclude>
    <ClInclude Include="hotpatch.h">
      <Filter>hotlib\hotpatch</Filter>
    </ClInclude>
    <ClInclude Include="iathook.h">
      <Filter>hotlib\IATHook</Filter>
    </ClInclude>
  </ItemGroup>
  <ItemGroup>
    <ClCompile Include="hotlib.c">
      <Filter>hotlib</Filter>
    </ClCompile>
    <ClCompile Include="hotpatch.c">
      <Filter>hotlib\hotpatch</Filter>
    </ClCompile>
    <ClCompile Include="iathook.c">
      <Filter>hotlib\IATHook</Filter>
    </ClCompile>
  </ItemGroup>
</Project>